
Microsoft Visual Studio Solution File, Format Version 12.00
# Visual Studio 14
VisualStudioVersion = 14.0.25123.0
MinimumVisualStudioVersion = 10.0.40219.1
Project("{FAE04EC0-301F-11D3-BF4B-00C04F79EFBC}") = "UChatServer", "UChatSever\UChatServer.csproj", "{3C5F1029-68AE-46B1-B42E-986CD823FCDB}"
EndProject
Project("{FAE04EC0-301F-11D3-BF4B-00C04F79EFBC}") = "UChatClientConsole", "UChatClientConsole\UChatClientConsole.csproj", "{AA42D002-A9BB-443A-A0B2-1E2AC45580BC}"
EndProject
Project("{FAE04EC0-301F-11D3-BF4B-00C04F79EFBC}") = "UChatClient", "UChatClient\UChatClient.csproj", "{55FA3B6A-53A9-4A8C-A9D6-FDAB23959522}"
EndProject
Global
	GlobalSection(SolutionConfigurationPlatforms) = preSolution
		Debug|Any CPU = Debug|Any CPU
		Release|Any CPU = Release|Any CPU
	EndGlobalSection
	GlobalSection(ProjectConfigurationPlatforms) = postSolution
		{3C5F1029-68AE-46B1-B42E-986CD823FCDB}.Debug|Any CPU.ActiveCfg = Debug|Any CPU
		{3C5F1029-68AE-46B1-B42E-986CD823FCDB}.Debug|Any CPU.Build.0 = Debug|Any CPU
		{3C5F1029-68AE-46B1-B42E-986CD823FCDB}.Release|Any CPU.ActiveCfg = Release|Any CPU
		{3C5F1029-68AE-46B1-B42E-986CD823FCDB}.Release|Any CPU.Build.0 = Release|Any CPU
		{AA42D002-A9BB-443A-A0B2-1E2AC45580BC}.Debug|Any CPU.ActiveCfg = Debug|Any CPU
		{AA42D002-A9BB-443A-A0B2-1E2AC45580BC}.Debug|Any CPU.Build.0 = Debug|Any CPU
		{AA42D002-A9BB-443A-A0B2-1E2AC45580BC}.Release|Any CPU.ActiveCfg = Release|Any CPU
		{AA42D002-A9BB-443A-A0B2-1E2AC45580BC}.Release|Any CPU.Build.0 = Release|Any CPU
		{55FA3B6A-53A9-4A8C-A9D6-FDAB23959522}.Debug|Any CPU.ActiveCfg = Debug|Any CPU
		{55FA3B6A-53A9-4A8C-A9D6-FDAB23959522}.Debug|Any CPU.Build.0 = Debug|Any CPU
		{55FA3B6A-53A9-4A8C-A9D6-FDAB23959522}.Release|Any CPU.ActiveCfg = Release|Any CPU
		{55FA3B6A-53A9-4A8C-A9D6-FDAB23959522}.Release|Any CPU.Build.0 = Release|Any CPU
	EndGlobalSection
	GlobalSection(SolutionProperties) = preSolution
		HideSolutionNode = FALSE
	EndGlobalSection
EndGlobal
